
Microsoft Visual Studio Solution File, Format Version 12.00
# Visual Studio 15
VisualStudioVersion = 15.0.27428.2015
MinimumVisualStudioVersion = 10.0.40219.1
Project("{FAE04EC0-301F-11D3-BF4B-00C04F79EFBC}") = "CDProjektRED", "CDProjektRED\CDProjektRED.csproj", "{96D06D29-766F-4122-B9AA-71C2D0FF541D}"
EndProject
Global
	GlobalSection(SolutionConfigurationPlatforms) = preSolution
		Debug|Any CPU = Debug|Any CPU
		Release|Any CPU = Release|Any CPU
	EndGlobalSection
	GlobalSection(ProjectConfigurationPlatforms) = postSolution
		{96D06D29-766F-4122-B9AA-71C2D0FF541D}.Debug|Any CPU.ActiveCfg = Debug|Any CPU
		{96D06D29-766F-4122-B9AA-71C2D0FF541D}.Debug|Any CPU.Build.0 = Debug|Any CPU
		{96D06D29-766F-4122-B9AA-71C2D0FF541D}.Release|Any CPU.ActiveCfg = Release|Any CPU
		{96D06D29-766F-4122-B9AA-71C2D0FF541D}.Release|Any CPU.Build.0 = Release|Any CPU
	EndGlobalSection
	GlobalSection(SolutionProperties) = preSolution
		HideSolutionNode = FALSE
	EndGlobalSection
	GlobalSection(ExtensibilityGlobals) = postSolution
		SolutionGuid = {0F60D581-5379-4A7B-BC74-90FEA371C3B1}
	EndGlobalSection
EndGlobal
